// !$*UTF8*$!
{
	archiveVersion = 1;
	classes = {
	};
	objectVersion = 50;
	objects = {

/* Begin PBXBuildFile section */
		3AEB079B67BE08253E8A6481 /* Pods_GKNetwork.framework in Frameworks */ = {isa = PBXBuildFile; fileRef = 3FA158919E0F3970586AEEDD /* Pods_GKNetwork.framework */; };
		ED29AE732211BA020035C17A /* GKNetwork.h in Headers */ = {isa = PBXBuildFile; fileRef = ED29AE712211BA020035C17A /* GKNetwork.h */; settings = {ATTRIBUTES = (Public, ); }; };
		ED2E8A0F226090CD00E44849 /* HTTPMethod.swift in Sources */ = {isa = PBXBuildFile; fileRef = ED2E8A0E226090CD00E44849 /* HTTPMethod.swift */; };
		ED2E8A112260912400E44849 /* RemoteFactory.swift in Sources */ = {isa = PBXBuildFile; fileRef = ED2E8A102260912400E44849 /* RemoteFactory.swift */; };
		ED2E8A132260914800E44849 /* RemoteUploadModel.swift in Sources */ = {isa = PBXBuildFile; fileRef = ED2E8A122260914800E44849 /* RemoteUploadModel.swift */; };
		ED2E8A152260916F00E44849 /* RemoteMappable.swift in Sources */ = {isa = PBXBuildFile; fileRef = ED2E8A142260916F00E44849 /* RemoteMappable.swift */; };
		ED2E8A17226091A700E44849 /* RemoteWorker.swift in Sources */ = {isa = PBXBuildFile; fileRef = ED2E8A16226091A700E44849 /* RemoteWorker.swift */; };
/* End PBXBuildFile section */

/* Begin PBXFileReference section */
		0CDCEDDEAE6A4C6DCECEE9E3 /* Pods-GKNetwork.release.xcconfig */ = {isa = PBXFileReference; includeInIndex = 1; lastKnownFileType = text.xcconfig; name = "Pods-GKNetwork.release.xcconfig"; path = "Pods/Target Support Files/Pods-GKNetwork/Pods-GKNetwork.release.xcconfig"; sourceTree = "<group>"; };
		3067CE7214C65CD9310DD8C3 /* Pods-GKNetwork.debug.xcconfig */ = {isa = PBXFileReference; includeInIndex = 1; lastKnownFileType = text.xcconfig; name = "Pods-GKNetwork.debug.xcconfig"; path = "Pods/Target Support Files/Pods-GKNetwork/Pods-GKNetwork.debug.xcconfig"; sourceTree = "<group>"; };
		3FA158919E0F3970586AEEDD /* Pods_GKNetwork.framework */ = {isa = PBXFileReference; explicitFileType = wrapper.framework; includeInIndex = 0; path = Pods_GKNetwork.framework; sourceTree = BUILT_PRODUCTS_DIR; };
		ED29AE6E2211BA020035C17A /* GKNetwork.framework */ = {isa = PBXFileReference; explicitFileType = wrapper.framework; includeInIndex = 0; path = GKNetwork.framework; sourceTree = BUILT_PRODUCTS_DIR; };
		ED29AE712211BA020035C17A /* GKNetwork.h */ = {isa = PBXFileReference; lastKnownFileType = sourcecode.c.h; path = GKNetwork.h; sourceTree = "<group>"; };
		ED29AE722211BA020035C17A /* Info.plist */ = {isa = PBXFileReference; lastKnownFileType = text.plist.xml; path = Info.plist; sourceTree = "<group>"; };
		ED2E8A0E226090CD00E44849 /* HTTPMethod.swift */ = {isa = PBXFileReference; lastKnownFileType = sourcecode.swift; path = HTTPMethod.swift; sourceTree = "<group>"; };
		ED2E8A102260912400E44849 /* RemoteFactory.swift */ = {isa = PBXFileReference; lastKnownFileType = sourcecode.swift; path = RemoteFactory.swift; sourceTree = "<group>"; };
		ED2E8A122260914800E44849 /* RemoteUploadModel.swift */ = {isa = PBXFileReference; lastKnownFileType = sourcecode.swift; path = RemoteUploadModel.swift; sourceTree = "<group>"; };
		ED2E8A142260916F00E44849 /* RemoteMappable.swift */ = {isa = PBXFileReference; lastKnownFileType = sourcecode.swift; path = RemoteMappable.swift; sourceTree = "<group>"; };
		ED2E8A16226091A700E44849 /* RemoteWorker.swift */ = {isa = PBXFileReference; lastKnownFileType = sourcecode.swift; path = RemoteWorker.swift; sourceTree = "<group>"; };
/* End PBXFileReference section */

/* Begin PBXFrameworksBuildPhase section */
		ED29AE6B2211BA020035C17A /* Frameworks */ = {
			isa = PBXFrameworksBuildPhase;
			buildActionMask = 2147483647;
			files = (
				3AEB079B67BE08253E8A6481 /* Pods_GKNetwork.framework in Frameworks */,
			);
			runOnlyForDeploymentPostprocessing = 0;
		};
/* End PBXFrameworksBuildPhase section */

/* Begin PBXGroup section */
		22598B0C79B6B50C77DBB6E9 /* Frameworks */ = {
			isa = PBXGroup;
			children = (
				3FA158919E0F3970586AEEDD /* Pods_GKNetwork.framework */,
			);
			name = Frameworks;
			sourceTree = "<group>";
		};
		5E1720FEBAFB44C18A33FB2C /* Pods */ = {
			isa = PBXGroup;
			children = (
				3067CE7214C65CD9310DD8C3 /* Pods-GKNetwork.debug.xcconfig */,
				0CDCEDDEAE6A4C6DCECEE9E3 /* Pods-GKNetwork.release.xcconfig */,
			);
			name = Pods;
			sourceTree = "<group>";
		};
		ED29AE642211BA020035C17A = {
			isa = PBXGroup;
			children = (
				ED29AE702211BA020035C17A /* GKNetwork */,
				ED29AE6F2211BA020035C17A /* Products */,
				5E1720FEBAFB44C18A33FB2C /* Pods */,
				22598B0C79B6B50C77DBB6E9 /* Frameworks */,
			);
			sourceTree = "<group>";
		};
		ED29AE6F2211BA020035C17A /* Products */ = {
			isa = PBXGroup;
			children = (
				ED29AE6E2211BA020035C17A /* GKNetwork.framework */,
			);
			name = Products;
			sourceTree = "<group>";
		};
		ED29AE702211BA020035C17A /* GKNetwork */ = {
			isa = PBXGroup;
			children = (
				ED29AE712211BA020035C17A /* GKNetwork.h */,
				ED29AE722211BA020035C17A /* Info.plist */,
				ED29AE7A2211BA320035C17A /* SourceData */,
			);
			path = GKNetwork;
			sourceTree = "<group>";
		};
		ED29AE7A2211BA320035C17A /* SourceData */ = {
			isa = PBXGroup;
			children = (
				ED2E8A0E226090CD00E44849 /* HTTPMethod.swift */,
				ED2E8A102260912400E44849 /* RemoteFactory.swift */,
				ED2E8A142260916F00E44849 /* RemoteMappable.swift */,
				ED2E8A122260914800E44849 /* RemoteUploadModel.swift */,
				ED2E8A16226091A700E44849 /* RemoteWorker.swift */,
			);
			path = SourceData;
			sourceTree = "<group>";
		};
/* End PBXGroup section */

/* Begin PBXHeadersBuildPhase section */
		ED29AE692211BA020035C17A /* Headers */ = {
			isa = PBXHeadersBuildPhase;
			buildActionMask = 2147483647;
			files = (
				ED29AE732211BA020035C17A /* GKNetwork.h in Headers */,
			);
			runOnlyForDeploymentPostprocessing = 0;
		};
/* End PBXHeadersBuildPhase section */

/* Begin PBXNativeTarget section */
		ED29AE6D2211BA020035C17A /* GKNetwork */ = {
			isa = PBXNativeTarget;
			buildConfigurationList = ED29AE762211BA020035C17A /* Build configuration list for PBXNativeTarget "GKNetwork" */;
			buildPhases = (
				C8AE8B15019220B1D3362D4D /* [CP] Check Pods Manifest.lock */,
				ED29AE692211BA020035C17A /* Headers */,
				ED29AE6A2211BA020035C17A /* Sources */,
				ED29AE6B2211BA020035C17A /* Frameworks */,
				ED29AE6C2211BA020035C17A /* Resources */,
				ED29AE792211BA270035C17A /* ShellScript */,
			);
			buildRules = (
			);
			dependencies = (
			);
			name = GKNetwork;
			productName = GKNetwork;
			productReference = ED29AE6E2211BA020035C17A /* GKNetwork.framework */;
			productType = "com.apple.product-type.framework";
		};
/* End PBXNativeTarget section */

/* Begin PBXProject section */
		ED29AE652211BA020035C17A /* Project object */ = {
			isa = PBXProject;
			attributes = {
				LastUpgradeCheck = 1010;
				ORGANIZATIONNAME = AppCraft;
				TargetAttributes = {
					ED29AE6D2211BA020035C17A = {
						CreatedOnToolsVersion = 10.1;
						LastSwiftMigration = 1020;
					};
				};
			};
			buildConfigurationList = ED29AE682211BA020035C17A /* Build configuration list for PBXProject "GKNetwork" */;
			compatibilityVersion = "Xcode 9.3";
			developmentRegion = en;
			hasScannedForEncodings = 0;
			knownRegions = (
				en,
			);
			mainGroup = ED29AE642211BA020035C17A;
			productRefGroup = ED29AE6F2211BA020035C17A /* Products */;
			projectDirPath = "";
			projectRoot = "";
			targets = (
				ED29AE6D2211BA020035C17A /* GKNetwork */,
			);
		};
/* End PBXProject section */

/* Begin PBXResourcesBuildPhase section */
		ED29AE6C2211BA020035C17A /* Resources */ = {
			isa = PBXResourcesBuildPhase;
			buildActionMask = 2147483647;
			files = (
			);
			runOnlyForDeploymentPostprocessing = 0;
		};
/* End PBXResourcesBuildPhase section */

/* Begin PBXShellScriptBuildPhase section */
		C8AE8B15019220B1D3362D4D /* [CP] Check Pods Manifest.lock */ = {
			isa = PBXShellScriptBuildPhase;
			buildActionMask = 2147483647;
			files = (
			);
			inputPaths = (
				"${PODS_PODFILE_DIR_PATH}/Podfile.lock",
				"${PODS_ROOT}/Manifest.lock",
			);
			name = "[CP] Check Pods Manifest.lock";
			outputPaths = (
				"$(DERIVED_FILE_DIR)/Pods-GKNetwork-checkManifestLockResult.txt",
			);
			runOnlyForDeploymentPostprocessing = 0;
			shellPath = /bin/sh;
			shellScript = "diff \"${PODS_PODFILE_DIR_PATH}/Podfile.lock\" \"${PODS_ROOT}/Manifest.lock\" > /dev/null\nif [ $? != 0 ] ; then\n    # print error to STDERR\n    echo \"error: The sandbox is not in sync with the Podfile.lock. Run 'pod install' or update your CocoaPods installation.\" >&2\n    exit 1\nfi\n# This output is used by Xcode 'outputs' to avoid re-running this script phase.\necho \"SUCCESS\" > \"${SCRIPT_OUTPUT_FILE_0}\"\n";
			showEnvVarsInLog = 0;
		};
		ED29AE792211BA270035C17A /* ShellScript */ = {
			isa = PBXShellScriptBuildPhase;
			buildActionMask = 2147483647;
			files = (
			);
			inputPaths = (
			);
			outputPaths = (
			);
			runOnlyForDeploymentPostprocessing = 0;
			shellPath = /bin/sh;
			shellScript = "if which swiftlint >/dev/null; then\nswiftlint\nelse\necho \"warning: SwiftLint not installed, download from https://github.com/realm/SwiftLint\"\nfi\n";
		};
/* End PBXShellScriptBuildPhase section */

/* Begin PBXSourcesBuildPhase section */
		ED29AE6A2211BA020035C17A /* Sources */ = {
			isa = PBXSourcesBuildPhase;
			buildActionMask = 2147483647;
			files = (
				ED2E8A132260914800E44849 /* RemoteUploadModel.swift in Sources */,
				ED2E8A17226091A700E44849 /* RemoteWorker.swift in Sources */,
				ED2E8A0F226090CD00E44849 /* HTTPMethod.swift in Sources */,
				ED2E8A152260916F00E44849 /* RemoteMappable.swift in Sources */,
				ED2E8A112260912400E44849 /* RemoteFactory.swift in Sources */,
			);
			runOnlyForDeploymentPostprocessing = 0;
		};
/* End PBXSourcesBuildPhase section */

/* Begin XCBuildConfiguration section */
		ED29AE742211BA020035C17A /* Debug */ = {
			isa = XCBuildConfiguration;
			buildSettings = {
				ALWAYS_SEARCH_USER_PATHS = NO;
				CLANG_ANALYZER_NONNULL = YES;
				CLANG_ANALYZER_NUMBER_OBJECT_CONVERSION = YES_AGGRESSIVE;
				CLANG_CXX_LANGUAGE_STANDARD = "gnu++14";
				CLANG_CXX_LIBRARY = "libc++";
				CLANG_ENABLE_MODULES = YES;
				CLANG_ENABLE_OBJC_ARC = YES;
				CLANG_ENABLE_OBJC_WEAK = YES;
				CLANG_WARN_BLOCK_CAPTURE_AUTORELEASING = YES;
				CLANG_WARN_BOOL_CONVERSION = YES;
				CLANG_WARN_COMMA = YES;
				CLANG_WARN_CONSTANT_CONVERSION = YES;
				CLANG_WARN_DEPRECATED_OBJC_IMPLEMENTATIONS = YES;
				CLANG_WARN_DIRECT_OBJC_ISA_USAGE = YES_ERROR;
				CLANG_WARN_DOCUMENTATION_COMMENTS = YES;
				CLANG_WARN_EMPTY_BODY = YES;
				CLANG_WARN_ENUM_CONVERSION = YES;
				CLANG_WARN_INFINITE_RECURSION = YES;
				CLANG_WARN_INT_CONVERSION = YES;
				CLANG_WARN_NON_LITERAL_NULL_CONVERSION = YES;
				CLANG_WARN_OBJC_IMPLICIT_RETAIN_SELF = YES;
				CLANG_WARN_OBJC_LITERAL_CONVERSION = YES;
				CLANG_WARN_OBJC_ROOT_CLASS = YES_ERROR;
				CLANG_WARN_RANGE_LOOP_ANALYSIS = YES;
				CLANG_WARN_STRICT_PROTOTYPES = YES;
				CLANG_WARN_SUSPICIOUS_MOVE = YES;
				CLANG_WARN_UNGUARDED_AVAILABILITY = YES_AGGRESSIVE;
				CLANG_WARN_UNREACHABLE_CODE = YES;
				CLANG_WARN__DUPLICATE_METHOD_MATCH = YES;
				CODE_SIGN_IDENTITY = "iPhone Developer";
				COPY_PHASE_STRIP = NO;
				CURRENT_PROJECT_VERSION = 1;
				DEBUG_INFORMATION_FORMAT = dwarf;
				ENABLE_STRICT_OBJC_MSGSEND = YES;
				ENABLE_TESTABILITY = YES;
				GCC_C_LANGUAGE_STANDARD = gnu11;
				GCC_DYNAMIC_NO_PIC = NO;
				GCC_NO_COMMON_BLOCKS = YES;
				GCC_OPTIMIZATION_LEVEL = 0;
				GCC_PREPROCESSOR_DEFINITIONS = (
					"DEBUG=1",
					"$(inherited)",
				);
				GCC_WARN_64_TO_32_BIT_CONVERSION = YES;
				GCC_WARN_ABOUT_RETURN_TYPE = YES_ERROR;
				GCC_WARN_UNDECLARED_SELECTOR = YES;
				GCC_WARN_UNINITIALIZED_AUTOS = YES_AGGRESSIVE;
				GCC_WARN_UNUSED_FUNCTION = YES;
				GCC_WARN_UNUSED_VARIABLE = YES;
				IPHONEOS_DEPLOYMENT_TARGET = 12.1;
				MTL_ENABLE_DEBUG_INFO = INCLUDE_SOURCE;
				MTL_FAST_MATH = YES;
				ONLY_ACTIVE_ARCH = YES;
				SDKROOT = iphoneos;
				SWIFT_ACTIVE_COMPILATION_CONDITIONS = DEBUG;
				SWIFT_OPTIMIZATION_LEVEL = "-Onone";
				VERSIONING_SYSTEM = "apple-generic";
				VERSION_INFO_PREFIX = "";
			};
			name = Debug;
		};
		ED29AE752211BA020035C17A /* Release */ = {
			isa = XCBuildConfiguration;
			buildSettings = {
				ALWAYS_SEARCH_USER_PATHS = NO;
				CLANG_ANALYZER_NONNULL = YES;
				CLANG_ANALYZER_NUMBER_OBJECT_CONVERSION = YES_AGGRESSIVE;
				CLANG_CXX_LANGUAGE_STANDARD = "gnu++14";
				CLANG_CXX_LIBRARY = "libc++";
				CLANG_ENABLE_MODULES = YES;
				CLANG_ENABLE_OBJC_ARC = YES;
				CLANG_ENABLE_OBJC_WEAK = YES;
				CLANG_WARN_BLOCK_CAPTURE_AUTORELEASING = YES;
				CLANG_WARN_BOOL_CONVERSION = YES;
				CLANG_WARN_COMMA = YES;
				CLANG_WARN_CONSTANT_CONVERSION = YES;
				CLANG_WARN_DEPRECATED_OBJC_IMPLEMENTATIONS = YES;
				CLANG_WARN_DIRECT_OBJC_ISA_USAGE = YES_ERROR;
				CLANG_WARN_DOCUMENTATION_COMMENTS = YES;
				CLANG_WARN_EMPTY_BODY = YES;
				CLANG_WARN_ENUM_CONVERSION = YES;
				CLANG_WARN_INFINITE_RECURSION = YES;
				CLANG_WARN_INT_CONVERSION = YES;
				CLANG_WARN_NON_LITERAL_NULL_CONVERSION = YES;
				CLANG_WARN_OBJC_IMPLICIT_RETAIN_SELF = YES;
				CLANG_WARN_OBJC_LITERAL_CONVERSION = YES;
				CLANG_WARN_OBJC_ROOT_CLASS = YES_ERROR;
				CLANG_WARN_RANGE_LOOP_ANALYSIS = YES;
				CLANG_WARN_STRICT_PROTOTYPES = YES;
				CLANG_WARN_SUSPICIOUS_MOVE = YES;
				CLANG_WARN_UNGUARDED_AVAILABILITY = YES_AGGRESSIVE;
				CLANG_WARN_UNREACHABLE_CODE = YES;
				CLANG_WARN__DUPLICATE_METHOD_MATCH = YES;
				CODE_SIGN_IDENTITY = "iPhone Developer";
				COPY_PHASE_STRIP = NO;
				CURRENT_PROJECT_VERSION = 1;
				DEBUG_INFORMATION_FORMAT = "dwarf-with-dsym";
				ENABLE_NS_ASSERTIONS = NO;
				ENABLE_STRICT_OBJC_MSGSEND = YES;
				GCC_C_LANGUAGE_STANDARD = gnu11;
				GCC_NO_COMMON_BLOCKS = YES;
				GCC_WARN_64_TO_32_BIT_CONVERSION = YES;
				GCC_WARN_ABOUT_RETURN_TYPE = YES_ERROR;
				GCC_WARN_UNDECLARED_SELECTOR = YES;
				GCC_WARN_UNINITIALIZED_AUTOS = YES_AGGRESSIVE;
				GCC_WARN_UNUSED_FUNCTION = YES;
				GCC_WARN_UNUSED_VARIABLE = YES;
				IPHONEOS_DEPLOYMENT_TARGET = 12.1;
				MTL_ENABLE_DEBUG_INFO = NO;
				MTL_FAST_MATH = YES;
				SDKROOT = iphoneos;
				SWIFT_COMPILATION_MODE = wholemodule;
				SWIFT_OPTIMIZATION_LEVEL = "-O";
				VALIDATE_PRODUCT = YES;
				VERSIONING_SYSTEM = "apple-generic";
				VERSION_INFO_PREFIX = "";
			};
			name = Release;
		};
		ED29AE772211BA020035C17A /* Debug */ = {
			isa = XCBuildConfiguration;
			baseConfigurationReference = 3067CE7214C65CD9310DD8C3 /* Pods-GKNetwork.debug.xcconfig */;
			buildSettings = {
				CLANG_ENABLE_MODULES = YES;
				CODE_SIGN_IDENTITY = "";
				CODE_SIGN_STYLE = Automatic;
				DEFINES_MODULE = YES;
				DEVELOPMENT_TEAM = 7PN6PXP9S4;
				DYLIB_COMPATIBILITY_VERSION = 1;
				DYLIB_CURRENT_VERSION = 1;
				DYLIB_INSTALL_NAME_BASE = "@rpath";
				INFOPLIST_FILE = GKNetwork/Info.plist;
				INSTALL_PATH = "$(LOCAL_LIBRARY_DIR)/Frameworks";
				LD_RUNPATH_SEARCH_PATHS = (
					"$(inherited)",
					"@executable_path/Frameworks",
					"@loader_path/Frameworks",
				);
				PRODUCT_BUNDLE_IDENTIFIER = com.gknetwork.lib;
				PRODUCT_NAME = "$(TARGET_NAME:c99extidentifier)";
				SKIP_INSTALL = YES;
				SWIFT_OPTIMIZATION_LEVEL = "-Onone";
				SWIFT_VERSION = 5.0;
				TARGETED_DEVICE_FAMILY = "1,2";
			};
			name = Debug;
		};
		ED29AE782211BA020035C17A /* Release */ = {
			isa = XCBuildConfiguration;
			baseConfigurationReference = 0CDCEDDEAE6A4C6DCECEE9E3 /* Pods-GKNetwork.release.xcconfig */;
			buildSettings = {
				CLANG_ENABLE_MODULES = YES;
				CODE_SIGN_IDENTITY = "";
				CODE_SIGN_STYLE = Automatic;
				DEFINES_MODULE = YES;
				DEVELOPMENT_TEAM = 7PN6PXP9S4;
				DYLIB_COMPATIBILITY_VERSION = 1;
				DYLIB_CURRENT_VERSION = 1;
				DYLIB_INSTALL_NAME_BASE = "@rpath";
				INFOPLIST_FILE = GKNetwork/Info.plist;
				INSTALL_PATH = "$(LOCAL_LIBRARY_DIR)/Frameworks";
				LD_RUNPATH_SEARCH_PATHS = (
					"$(inherited)",
					"@executable_path/Frameworks",
					"@loader_path/Frameworks",
				);
				PRODUCT_BUNDLE_IDENTIFIER = com.gknetwork.lib;
				PRODUCT_NAME = "$(TARGET_NAME:c99extidentifier)";
				SKIP_INSTALL = YES;
				SWIFT_VERSION = 5.0;
				TARGETED_DEVICE_FAMILY = "1,2";
			};
			name = Release;
		};
/* End XCBuildConfiguration section */

/* Begin XCConfigurationList section */
		ED29AE682211BA020035C17A /* Build configuration list for PBXProject "GKNetwork" */ = {
			isa = XCConfigurationList;
			buildConfigurations = (
				ED29AE742211BA020035C17A /* Debug */,
				ED29AE752211BA020035C17A /* Release */,
			);
			defaultConfigurationIsVisible = 0;
			defaultConfigurationName = Release;
		};
		ED29AE762211BA020035C17A /* Build configuration list for PBXNativeTarget "GKNetwork" */ = {
			isa = XCConfigurationList;
			buildConfigurations = (
				ED29AE772211BA020035C17A /* Debug */,
				ED29AE782211BA020035C17A /* Release */,
			);
			defaultConfigurationIsVisible = 0;
			defaultConfigurationName = Release;
		};
/* End XCConfigurationList section */
	};
	rootObject = ED29AE652211BA020035C17A /* Project object */;
}
